
Microsoft Visual Studio Solution File, Format Version 12.00
# Visual Studio Version 17
VisualStudioVersion = 17.9.34607.119
MinimumVisualStudioVersion = 10.0.40219.1
Project("{FAE04EC0-301F-11D3-BF4B-00C04F79EFBC}") = "Kodlama", "Kodlama\Kodlama.csproj", "{D18544AD-5C51-4C17-95E8-E1ED199ACA8E}"
EndProject
Global
	GlobalSection(SolutionConfigurationPlatforms) = preSolution
		Debug|Any CPU = Debug|Any CPU
		Release|Any CPU = Release|Any CPU
	EndGlobalSection
	GlobalSection(ProjectConfigurationPlatforms) = postSolution
		{D18544AD-5C51-4C17-95E8-E1ED199ACA8E}.Debug|Any CPU.ActiveCfg = Debug|Any CPU
		{D18544AD-5C51-4C17-95E8-E1ED199ACA8E}.Debug|Any CPU.Build.0 = Debug|Any CPU
		{D18544AD-5C51-4C17-95E8-E1ED199ACA8E}.Release|Any CPU.ActiveCfg = Release|Any CPU
		{D18544AD-5C51-4C17-95E8-E1ED199ACA8E}.Release|Any CPU.Build.0 = Release|Any CPU
	EndGlobalSection
	GlobalSection(SolutionProperties) = preSolution
		HideSolutionNode = FALSE
	EndGlobalSection
	GlobalSection(ExtensibilityGlobals) = postSolution
		SolutionGuid = {0673F2DE-41BD-4475-9B77-D702D5E02249}
	EndGlobalSection
EndGlobal
